
Microsoft Visual Studio Solution File, Format Version 12.00
# Visual Studio 11
Project("{FAE04EC0-301F-11D3-BF4B-00C04F79EFBC}") = "HexControlLibrary", "HexControlLibrary.csproj", "{02DF89C8-A523-4A0F-A7C5-20DD043652CC}"
EndProject
Project("{FAE04EC0-301F-11D3-BF4B-00C04F79EFBC}") = "WindowsFormsApplication1", "WindowsFormsApplication1\WindowsFormsApplication1.csproj", "{C7C1386B-2329-4452-A842-6DA6174A56FD}"
EndProject
Global
	GlobalSection(SubversionScc) = preSolution
		Manager = AnkhSVN - Subversion Support for Visual Studio
		Svn-Managed = True
	EndGlobalSection
	GlobalSection(SolutionConfigurationPlatforms) = preSolution
		Debug|Any CPU = Debug|Any CPU
		Release|Any CPU = Release|Any CPU
	EndGlobalSection
	GlobalSection(ProjectConfigurationPlatforms) = postSolution
		{02DF89C8-A523-4A0F-A7C5-20DD043652CC}.Debug|Any CPU.ActiveCfg = Debug|Any CPU
		{02DF89C8-A523-4A0F-A7C5-20DD043652CC}.Debug|Any CPU.Build.0 = Debug|Any CPU
		{02DF89C8-A523-4A0F-A7C5-20DD043652CC}.Release|Any CPU.ActiveCfg = Release|Any CPU
		{02DF89C8-A523-4A0F-A7C5-20DD043652CC}.Release|Any CPU.Build.0 = Release|Any CPU
		{C7C1386B-2329-4452-A842-6DA6174A56FD}.Debug|Any CPU.ActiveCfg = Debug|Any CPU
		{C7C1386B-2329-4452-A842-6DA6174A56FD}.Debug|Any CPU.Build.0 = Debug|Any CPU
		{C7C1386B-2329-4452-A842-6DA6174A56FD}.Release|Any CPU.ActiveCfg = Release|Any CPU
		{C7C1386B-2329-4452-A842-6DA6174A56FD}.Release|Any CPU.Build.0 = Release|Any CPU
	EndGlobalSection
	GlobalSection(SolutionProperties) = preSolution
		HideSolutionNode = FALSE
	EndGlobalSection
EndGlobal
