
Microsoft Visual Studio Solution File, Format Version 12.00
# Visual Studio Express 2013 for Windows Desktop
VisualStudioVersion = 12.0.21005.1
MinimumVisualStudioVersion = 10.0.40219.1
Project("{FAE04EC0-301F-11D3-BF4B-00C04F79EFBC}") = "IronArc", "IronArc\IronArc.csproj", "{8CE75941-A5DE-4155-AB10-DE82AFE001FB}"
EndProject
Project("{FAE04EC0-301F-11D3-BF4B-00C04F79EFBC}") = "IronArcHost", "IronArcHost\IronArcHost.csproj", "{7632530B-84C0-4927-942F-0EAEB3724EBF}"
EndProject
Global
	GlobalSection(SolutionConfigurationPlatforms) = preSolution
		Debug|Any CPU = Debug|Any CPU
		Debug|Mixed Platforms = Debug|Mixed Platforms
		Debug|x86 = Debug|x86
		Release|Any CPU = Release|Any CPU
		Release|Mixed Platforms = Release|Mixed Platforms
		Release|x86 = Release|x86
	EndGlobalSection
	GlobalSection(ProjectConfigurationPlatforms) = postSolution
		{8CE75941-A5DE-4155-AB10-DE82AFE001FB}.Debug|Any CPU.ActiveCfg = Debug|x86
		{8CE75941-A5DE-4155-AB10-DE82AFE001FB}.Debug|Mixed Platforms.ActiveCfg = Debug|x86
		{8CE75941-A5DE-4155-AB10-DE82AFE001FB}.Debug|Mixed Platforms.Build.0 = Debug|x86
		{8CE75941-A5DE-4155-AB10-DE82AFE001FB}.Debug|x86.ActiveCfg = Debug|x86
		{8CE75941-A5DE-4155-AB10-DE82AFE001FB}.Debug|x86.Build.0 = Debug|x86
		{8CE75941-A5DE-4155-AB10-DE82AFE001FB}.Release|Any CPU.ActiveCfg = Release|x86
		{8CE75941-A5DE-4155-AB10-DE82AFE001FB}.Release|Mixed Platforms.ActiveCfg = Release|x86
		{8CE75941-A5DE-4155-AB10-DE82AFE001FB}.Release|Mixed Platforms.Build.0 = Release|x86
		{8CE75941-A5DE-4155-AB10-DE82AFE001FB}.Release|x86.ActiveCfg = Release|x86
		{8CE75941-A5DE-4155-AB10-DE82AFE001FB}.Release|x86.Build.0 = Release|x86
		{7632530B-84C0-4927-942F-0EAEB3724EBF}.Debug|Any CPU.ActiveCfg = Debug|Any CPU
		{7632530B-84C0-4927-942F-0EAEB3724EBF}.Debug|Any CPU.Build.0 = Debug|Any CPU
		{7632530B-84C0-4927-942F-0EAEB3724EBF}.Debug|Mixed Platforms.ActiveCfg = Debug|Any CPU
		{7632530B-84C0-4927-942F-0EAEB3724EBF}.Debug|Mixed Platforms.Build.0 = Debug|Any CPU
		{7632530B-84C0-4927-942F-0EAEB3724EBF}.Debug|x86.ActiveCfg = Debug|Any CPU
		{7632530B-84C0-4927-942F-0EAEB3724EBF}.Release|Any CPU.ActiveCfg = Release|Any CPU
		{7632530B-84C0-4927-942F-0EAEB3724EBF}.Release|Any CPU.Build.0 = Release|Any CPU
		{7632530B-84C0-4927-942F-0EAEB3724EBF}.Release|Mixed Platforms.ActiveCfg = Release|Any CPU
		{7632530B-84C0-4927-942F-0EAEB3724EBF}.Release|Mixed Platforms.Build.0 = Release|Any CPU
		{7632530B-84C0-4927-942F-0EAEB3724EBF}.Release|x86.ActiveCfg = Release|Any CPU
	EndGlobalSection
	GlobalSection(SolutionProperties) = preSolution
		HideSolutionNode = FALSE
	EndGlobalSection
EndGlobal
