
Microsoft Visual Studio Solution File, Format Version 12.00
# Visual Studio Version 17
VisualStudioVersion = 17.6.33829.357
MinimumVisualStudioVersion = 10.0.40219.1
Project("{9A19103F-16F7-4668-BE54-9A1E7A4F7556}") = "IronArc", "IronArc\IronArc.csproj", "{8CE75941-A5DE-4155-AB10-DE82AFE001FB}"
EndProject
Project("{9A19103F-16F7-4668-BE54-9A1E7A4F7556}") = "IronArcHost", "IronArcHost\IronArcHost.csproj", "{7632530B-84C0-4927-942F-0EAEB3724EBF}"
EndProject
Project("{9A19103F-16F7-4668-BE54-9A1E7A4F7556}") = "IronArc.OSDebug", "IronArc.OSDebug\IronArc.OSDebug.csproj", "{21F0D1F7-8559-4662-B357-D55FC3235200}"
EndProject
Project("{9A19103F-16F7-4668-BE54-9A1E7A4F7556}") = "Be.Windows.Forms.HexBox", "Be.Windows.Forms.HexBox\Be.Windows.Forms.HexBox.csproj", "{26C5F25F-B450-4CAF-AD8B-B8D11AE73457}"
EndProject
Global
	GlobalSection(SolutionConfigurationPlatforms) = preSolution
		Debug|Any CPU = Debug|Any CPU
		Debug|Mixed Platforms = Debug|Mixed Platforms
		Debug|x64 = Debug|x64
		Debug|x86 = Debug|x86
		Release|Any CPU = Release|Any CPU
		Release|Mixed Platforms = Release|Mixed Platforms
		Release|x64 = Release|x64
		Release|x86 = Release|x86
	EndGlobalSection
	GlobalSection(ProjectConfigurationPlatforms) = postSolution
		{8CE75941-A5DE-4155-AB10-DE82AFE001FB}.Debug|Any CPU.ActiveCfg = Debug|Any CPU
		{8CE75941-A5DE-4155-AB10-DE82AFE001FB}.Debug|Any CPU.Build.0 = Debug|Any CPU
		{8CE75941-A5DE-4155-AB10-DE82AFE001FB}.Debug|Mixed Platforms.ActiveCfg = Debug|Any CPU
		{8CE75941-A5DE-4155-AB10-DE82AFE001FB}.Debug|Mixed Platforms.Build.0 = Debug|Any CPU
		{8CE75941-A5DE-4155-AB10-DE82AFE001FB}.Debug|x64.ActiveCfg = Debug|Any CPU
		{8CE75941-A5DE-4155-AB10-DE82AFE001FB}.Debug|x64.Build.0 = Debug|Any CPU
		{8CE75941-A5DE-4155-AB10-DE82AFE001FB}.Debug|x86.ActiveCfg = Debug|x86
		{8CE75941-A5DE-4155-AB10-DE82AFE001FB}.Release|Any CPU.ActiveCfg = Release|Any CPU
		{8CE75941-A5DE-4155-AB10-DE82AFE001FB}.Release|Any CPU.Build.0 = Release|Any CPU
		{8CE75941-A5DE-4155-AB10-DE82AFE001FB}.Release|Mixed Platforms.ActiveCfg = Release|x86
		{8CE75941-A5DE-4155-AB10-DE82AFE001FB}.Release|Mixed Platforms.Build.0 = Release|x86
		{8CE75941-A5DE-4155-AB10-DE82AFE001FB}.Release|x64.ActiveCfg = Release|Any CPU
		{8CE75941-A5DE-4155-AB10-DE82AFE001FB}.Release|x64.Build.0 = Release|Any CPU
		{8CE75941-A5DE-4155-AB10-DE82AFE001FB}.Release|x86.ActiveCfg = Release|x86
		{8CE75941-A5DE-4155-AB10-DE82AFE001FB}.Release|x86.Build.0 = Release|x86
		{7632530B-84C0-4927-942F-0EAEB3724EBF}.Debug|Any CPU.ActiveCfg = Debug|Any CPU
		{7632530B-84C0-4927-942F-0EAEB3724EBF}.Debug|Any CPU.Build.0 = Debug|Any CPU
		{7632530B-84C0-4927-942F-0EAEB3724EBF}.Debug|Mixed Platforms.ActiveCfg = Debug|Any CPU
		{7632530B-84C0-4927-942F-0EAEB3724EBF}.Debug|Mixed Platforms.Build.0 = Debug|Any CPU
		{7632530B-84C0-4927-942F-0EAEB3724EBF}.Debug|x64.ActiveCfg = Debug|Any CPU
		{7632530B-84C0-4927-942F-0EAEB3724EBF}.Debug|x64.Build.0 = Debug|Any CPU
		{7632530B-84C0-4927-942F-0EAEB3724EBF}.Debug|x86.ActiveCfg = Debug|Any CPU
		{7632530B-84C0-4927-942F-0EAEB3724EBF}.Release|Any CPU.ActiveCfg = Release|Any CPU
		{7632530B-84C0-4927-942F-0EAEB3724EBF}.Release|Any CPU.Build.0 = Release|Any CPU
		{7632530B-84C0-4927-942F-0EAEB3724EBF}.Release|Mixed Platforms.ActiveCfg = Release|Any CPU
		{7632530B-84C0-4927-942F-0EAEB3724EBF}.Release|Mixed Platforms.Build.0 = Release|Any CPU
		{7632530B-84C0-4927-942F-0EAEB3724EBF}.Release|x64.ActiveCfg = Release|Any CPU
		{7632530B-84C0-4927-942F-0EAEB3724EBF}.Release|x64.Build.0 = Release|Any CPU
		{7632530B-84C0-4927-942F-0EAEB3724EBF}.Release|x86.ActiveCfg = Release|Any CPU
		{21F0D1F7-8559-4662-B357-D55FC3235200}.Debug|Any CPU.ActiveCfg = Debug|Any CPU
		{21F0D1F7-8559-4662-B357-D55FC3235200}.Debug|Any CPU.Build.0 = Debug|Any CPU
		{21F0D1F7-8559-4662-B357-D55FC3235200}.Debug|Mixed Platforms.ActiveCfg = Debug|Any CPU
		{21F0D1F7-8559-4662-B357-D55FC3235200}.Debug|Mixed Platforms.Build.0 = Debug|Any CPU
		{21F0D1F7-8559-4662-B357-D55FC3235200}.Debug|x64.ActiveCfg = Debug|Any CPU
		{21F0D1F7-8559-4662-B357-D55FC3235200}.Debug|x64.Build.0 = Debug|Any CPU
		{21F0D1F7-8559-4662-B357-D55FC3235200}.Debug|x86.ActiveCfg = Debug|Any CPU
		{21F0D1F7-8559-4662-B357-D55FC3235200}.Debug|x86.Build.0 = Debug|Any CPU
		{21F0D1F7-8559-4662-B357-D55FC3235200}.Release|Any CPU.ActiveCfg = Release|Any CPU
		{21F0D1F7-8559-4662-B357-D55FC3235200}.Release|Any CPU.Build.0 = Release|Any CPU
		{21F0D1F7-8559-4662-B357-D55FC3235200}.Release|Mixed Platforms.ActiveCfg = Release|Any CPU
		{21F0D1F7-8559-4662-B357-D55FC3235200}.Release|Mixed Platforms.Build.0 = Release|Any CPU
		{21F0D1F7-8559-4662-B357-D55FC3235200}.Release|x64.ActiveCfg = Release|Any CPU
		{21F0D1F7-8559-4662-B357-D55FC3235200}.Release|x64.Build.0 = Release|Any CPU
		{21F0D1F7-8559-4662-B357-D55FC3235200}.Release|x86.ActiveCfg = Release|Any CPU
		{21F0D1F7-8559-4662-B357-D55FC3235200}.Release|x86.Build.0 = Release|Any CPU
		{26C5F25F-B450-4CAF-AD8B-B8D11AE73457}.Debug|Any CPU.ActiveCfg = Debug|Any CPU
		{26C5F25F-B450-4CAF-AD8B-B8D11AE73457}.Debug|Any CPU.Build.0 = Debug|Any CPU
		{26C5F25F-B450-4CAF-AD8B-B8D11AE73457}.Debug|Mixed Platforms.ActiveCfg = Debug|Any CPU
		{26C5F25F-B450-4CAF-AD8B-B8D11AE73457}.Debug|Mixed Platforms.Build.0 = Debug|Any CPU
		{26C5F25F-B450-4CAF-AD8B-B8D11AE73457}.Debug|x64.ActiveCfg = Debug|Any CPU
		{26C5F25F-B450-4CAF-AD8B-B8D11AE73457}.Debug|x64.Build.0 = Debug|Any CPU
		{26C5F25F-B450-4CAF-AD8B-B8D11AE73457}.Debug|x86.ActiveCfg = Debug|Any CPU
		{26C5F25F-B450-4CAF-AD8B-B8D11AE73457}.Debug|x86.Build.0 = Debug|Any CPU
		{26C5F25F-B450-4CAF-AD8B-B8D11AE73457}.Release|Any CPU.ActiveCfg = Release|Any CPU
		{26C5F25F-B450-4CAF-AD8B-B8D11AE73457}.Release|Any CPU.Build.0 = Release|Any CPU
		{26C5F25F-B450-4CAF-AD8B-B8D11AE73457}.Release|Mixed Platforms.ActiveCfg = Release|Any CPU
		{26C5F25F-B450-4CAF-AD8B-B8D11AE73457}.Release|Mixed Platforms.Build.0 = Release|Any CPU
		{26C5F25F-B450-4CAF-AD8B-B8D11AE73457}.Release|x64.ActiveCfg = Release|Any CPU
		{26C5F25F-B450-4CAF-AD8B-B8D11AE73457}.Release|x64.Build.0 = Release|Any CPU
		{26C5F25F-B450-4CAF-AD8B-B8D11AE73457}.Release|x86.ActiveCfg = Release|Any CPU
		{26C5F25F-B450-4CAF-AD8B-B8D11AE73457}.Release|x86.Build.0 = Release|Any CPU
	EndGlobalSection
	GlobalSection(SolutionProperties) = preSolution
		HideSolutionNode = FALSE
	EndGlobalSection
	GlobalSection(ExtensibilityGlobals) = postSolution
		SolutionGuid = {672BD613-BDD3-41B9-9597-562E2AB47461}
	EndGlobalSection
EndGlobal
